
Microsoft Visual Studio Solution File, Format Version 12.00
# Visual Studio Version 16
VisualStudioVersion = 16.0.31112.23
MinimumVisualStudioVersion = 10.0.40219.1
Project("{6EC3EE1D-3C4E-46DD-8F32-0CC8E7565705}") = "Zad1", "Zad1\Zad1.fsproj", "{71B44FA8-E1FC-4A22-9742-81FA111CD35D}"
EndProject
Project("{6EC3EE1D-3C4E-46DD-8F32-0CC8E7565705}") = "LearningFSharpTutorialYT", "LearningFSharpTutorialYT\LearningFSharpTutorialYT.fsproj", "{0CCAF9B3-F5CC-4344-998E-362E873FD5DF}"
EndProject
Project("{6EC3EE1D-3C4E-46DD-8F32-0CC8E7565705}") = "Zad4", "Zad4\Zad4.fsproj", "{5F3EAED5-7B7C-4334-BFAB-2A5455B9B744}"
EndProject
Project("{6EC3EE1D-3C4E-46DD-8F32-0CC8E7565705}") = "Zad2", "Zad2\Zad2.fsproj", "{501734C5-7743-43E6-B752-E4440DDA1E24}"
EndProject
Project("{F2A71F9B-5D33-465A-A702-920D77279786}") = "Zad3", "Zad3\Zad3.fsproj", "{E55C5469-A5E4-4622-A631-04EBEDC30BAE}"
EndProject
Global
	GlobalSection(SolutionConfigurationPlatforms) = preSolution
		Debug|Any CPU = Debug|Any CPU
		Release|Any CPU = Release|Any CPU
	EndGlobalSection
	GlobalSection(ProjectConfigurationPlatforms) = postSolution
		{71B44FA8-E1FC-4A22-9742-81FA111CD35D}.Debug|Any CPU.ActiveCfg = Debug|Any CPU
		{71B44FA8-E1FC-4A22-9742-81FA111CD35D}.Debug|Any CPU.Build.0 = Debug|Any CPU
		{71B44FA8-E1FC-4A22-9742-81FA111CD35D}.Release|Any CPU.ActiveCfg = Release|Any CPU
		{71B44FA8-E1FC-4A22-9742-81FA111CD35D}.Release|Any CPU.Build.0 = Release|Any CPU
		{0CCAF9B3-F5CC-4344-998E-362E873FD5DF}.Debug|Any CPU.ActiveCfg = Debug|Any CPU
		{0CCAF9B3-F5CC-4344-998E-362E873FD5DF}.Debug|Any CPU.Build.0 = Debug|Any CPU
		{0CCAF9B3-F5CC-4344-998E-362E873FD5DF}.Release|Any CPU.ActiveCfg = Release|Any CPU
		{0CCAF9B3-F5CC-4344-998E-362E873FD5DF}.Release|Any CPU.Build.0 = Release|Any CPU
		{5F3EAED5-7B7C-4334-BFAB-2A5455B9B744}.Debug|Any CPU.ActiveCfg = Debug|Any CPU
		{5F3EAED5-7B7C-4334-BFAB-2A5455B9B744}.Debug|Any CPU.Build.0 = Debug|Any CPU
		{5F3EAED5-7B7C-4334-BFAB-2A5455B9B744}.Release|Any CPU.ActiveCfg = Release|Any CPU
		{5F3EAED5-7B7C-4334-BFAB-2A5455B9B744}.Release|Any CPU.Build.0 = Release|Any CPU
		{501734C5-7743-43E6-B752-E4440DDA1E24}.Debug|Any CPU.ActiveCfg = Debug|Any CPU
		{501734C5-7743-43E6-B752-E4440DDA1E24}.Debug|Any CPU.Build.0 = Debug|Any CPU
		{501734C5-7743-43E6-B752-E4440DDA1E24}.Release|Any CPU.ActiveCfg = Release|Any CPU
		{501734C5-7743-43E6-B752-E4440DDA1E24}.Release|Any CPU.Build.0 = Release|Any CPU
		{E55C5469-A5E4-4622-A631-04EBEDC30BAE}.Debug|Any CPU.ActiveCfg = Debug|Any CPU
		{E55C5469-A5E4-4622-A631-04EBEDC30BAE}.Debug|Any CPU.Build.0 = Debug|Any CPU
		{E55C5469-A5E4-4622-A631-04EBEDC30BAE}.Release|Any CPU.ActiveCfg = Release|Any CPU
		{E55C5469-A5E4-4622-A631-04EBEDC30BAE}.Release|Any CPU.Build.0 = Release|Any CPU
	EndGlobalSection
	GlobalSection(SolutionProperties) = preSolution
		HideSolutionNode = FALSE
	EndGlobalSection
	GlobalSection(ExtensibilityGlobals) = postSolution
		SolutionGuid = {A63376FB-B6A1-4F92-91B6-F97121B3CA2D}
	EndGlobalSection
EndGlobal
